dependencies:
- name: openobserve-standalone
  repository: https://charts.openobserve.ai
  version: 0.92.2
- name: opentelemetry-collector
  repository: https://open-telemetry.github.io/opentelemetry-helm-charts
  version: 0.172.0
- name: opentelemetry-collector
  repository: https://open-telemetry.github.io/opentelemetry-helm-charts
  version: 0.172.0
- name: nats
  repository: https://nats-io.github.io/k8s/helm/charts/
  version: 2.14.6
digest: sha256:56ddbe5f1ade60f379e079111a85c7c34a9bebf0fd49d48232a5db42a566c0ab
generated: "2026-09-06T13:19:43.768833+02:00"
